PODS:
  - device_apps (0.0.1):
    - Flutter
  - Flutter (1.0.0)

DEPENDENCIES:
  - device_apps (from `.symlinks/plugins/device_apps/ios`)
  - Flutter (from `.symlinks/flutter/ios`)

EXTERNAL SOURCES:
  device_apps:
    :path: ".symlinks/plugins/device_apps/ios"
  Flutter:
    :path: ".symlinks/flutter/ios"

SPEC CHECKSUMS:
  device_apps: 6bd1e8da3cf381c65bc0f2409c0714f5d1723fcc
  Flutter: 9d0fac939486c9aba2809b7982dfdbb47a7b0296

PODFILE CHECKSUM: 1e5af4103afd21ca5ead147d7b81d06f494f51a2

COCOAPODS: 1.5.2
